github.com/gorilla/mux v1.7.3 h1:gnP5JzjVOuiZD07fKKToCAOjS0yOpj/qPETTXCCS6hw=
github.com/gorilla/mux v1.7.3/go.mod h1:1lud6UwP+6orDFRuTfBEV8e9/aOM/c4fVVCaMa2zaAs=
github.com/xavicampa/xavic-test v0.0.0-20201010201027-dbffa2b07e94 h1:1jforJOz3I3mCDrpT7h6R+kR3mT5RnzuBJR4zb3lskI=
github.com/xavicampa/xavic-test v0.0.0-20201010201027-dbffa2b07e94/go.mod h1:ctcit6D01Ua6TRNtjmN9C5TOsxmVzbYNJmach2JMHBE=
